# This file is automatically @generated by Cargo.
# It is not intended for manual editing.
version = 3

[[package]]
name = "aho-corasick"
version = "1.1.2"
source = "registry+https://github.com/rust-lang/crates.io-index"
checksum = "b2969dcb958b36655471fc61f7e416fa76033bdd4bfed0678d8fee1e2d07a1f0"
dependencies = [
 "memchr",
]

[[package]]
name = "alsa"
version = "0.7.1"
source = "registry+https://github.com/rust-lang/crates.io-index"
checksum = "e2562ad8dcf0f789f65c6fdaad8a8a9708ed6b488e649da28c01656ad66b8b47"
dependencies = [
 "alsa-sys",
 "bitflags 1.3.2",
 "libc",
 "nix",
]

[[package]]
name = "alsa-sys"
version = "0.3.1"
source = "registry+https://github.com/rust-lang/crates.io-index"
checksum = "db8fee663d06c4e303404ef5f40488a53e062f89ba8bfed81f42325aafad1527"
dependencies = [
 "libc",
 "pkg-config",
]

[[package]]
name = "ansi_term"
version = "0.11.0"
source = "registry+https://github.com/rust-lang/crates.io-index"
checksum = "ee49baf6cb617b853aa8d93bf420db2383fab46d314482ca2803b40d5fde979b"
dependencies = [
 "winapi",
]

[[package]]
name = "arrayvec"
version = "0.7.4"
source = "registry+https://github.com/rust-lang/crates.io-index"
checksum = "96d30a06541fbafbc7f82ed10c06164cfbd2c401138f6addd8404629c4b16711"

[[package]]
name = "arrusticini_destroy_zone"
version = "1.0.1"
source = "sparse+http://advancedprogramming.disi.unitn.it/api/v1/crates/"
checksum = "7f71f7d6e0847c98c5edbe6ad47e4d63163e56e373ddfac788232936c34197b3"
dependencies = [
 "robotics_lib",
 "strum",
]

[[package]]
name = "atomic-arena"
version = "0.1.1"
source = "registry+https://github.com/rust-lang/crates.io-index"
checksum = "5450eca8ce5abcfd5520727e975ebab30ccca96030550406b0ca718b224ead10"

[[package]]
name = "autocfg"
version = "1.1.0"
source = "registry+https://github.com/rust-lang/crates.io-index"
checksum = "d468802bab17cbc0cc575e9b053f41e72aa36bfa6b7f55e3529ffa43161b97fa"

[[package]]
name = "bessie"
version = "0.1.11"
source = "sparse+http://advancedprogramming.disi.unitn.it/api/v1/crates/"
checksum = "ed63826c58b67ee7120297df48c7784e50ab04a8c1c3d13232305626c561ec29"
dependencies = [
 "rand",
 "robotics_lib",
 "strum",
]

[[package]]
name = "bindgen"
version = "0.69.4"
source = "registry+https://github.com/rust-lang/crates.io-index"
checksum = "a00dc851838a2120612785d195287475a3ac45514741da670b735818822129a0"
dependencies = [
 "bitflags 2.4.2",
 "cexpr",
 "clang-sys",
 "itertools",
 "lazy_static",
 "lazycell",
 "proc-macro2",
 "quote",
 "regex",
 "rustc-hash",
 "shlex",
 "syn 2.0.48",
]

[[package]]
name = "bitflags"
version = "1.3.2"
source = "registry+https://github.com/rust-lang/crates.io-index"
checksum = "bef38d45163c2f1dde094a7dfd33ccf595c92905c8f8f4fdc18d06fb1037718a"

[[package]]
name = "bitflags"
version = "2.4.2"
source = "registry+https://github.com/rust-lang/crates.io-index"
checksum = "ed570934406eb16438a4e976b1b4500774099c13b8cb96eec99f620f05090ddf"

[[package]]
name = "bumpalo"
version = "3.14.0"
source = "registry+https://github.com/rust-lang/crates.io-index"
checksum = "7f30e7476521f6f8af1a1c4c0b8cc94f0bee37d91763d0ca2665f299b6cd8aec"

[[package]]
name = "bytemuck"
version = "1.14.3"
source = "registry+https://github.com/rust-lang/crates.io-index"
checksum = "a2ef034f05691a48569bd920a96c81b9d91bbad1ab5ac7c4616c1f6ef36cb79f"

[[package]]
name = "bytes"
version = "1.5.0"
source = "registry+https://github.com/rust-lang/crates.io-index"
checksum = "a2bd12c1caf447e69cd4528f47f94d203fd2582878ecb9e9465484c4148a8223"

[[package]]
name = "cc"
version = "1.0.83"
source = "registry+https://github.com/rust-lang/crates.io-index"
checksum = "f1174fb0b6ec23863f8b971027804a42614e347eafb0a95bf0b12cdae21fc4d0"
dependencies = [
 "jobserver",
 "libc",
]

[[package]]
name = "cesu8"
version = "1.1.0"
source = "registry+https://github.com/rust-lang/crates.io-index"
checksum = "6d43a04d8753f35258c91f8ec639f792891f748a1edbd759cf1dcea3382ad83c"

[[package]]
name = "cexpr"
version = "0.6.0"
source = "registry+https://github.com/rust-lang/crates.io-index"
checksum = "6fac387a98bb7c37292057cffc56d62ecb629900026402633ae9160df93a8766"
dependencies = [
 "nom",
]

[[package]]
name = "cfg-if"
version = "1.0.0"
source = "registry+https://github.com/rust-lang/crates.io-index"
checksum = "baf1de4339761588bc0619e3cbc0120ee582ebb74b53b4efbf79117bd2da40fd"

[[package]]
name = "clang-sys"
version = "1.7.0"
source = "registry+https://github.com/rust-lang/crates.io-index"
checksum = "67523a3b4be3ce1989d607a828d036249522dd9c1c8de7f4dd2dae43a37369d1"
dependencies = [
 "glob",
 "libc",
 "libloading",
]

[[package]]
name = "combine"
version = "4.6.6"
source = "registry+https://github.com/rust-lang/crates.io-index"
checksum = "35ed6e9d84f0b51a7f52daf1c7d71dd136fd7a3f41a8462b8cdb8c78d920fad4"
dependencies = [
 "bytes",
 "memchr",
]

[[package]]
name = "core-foundation-sys"
version = "0.8.6"
source = "registry+https://github.com/rust-lang/crates.io-index"
checksum = "06ea2b9bc92be3c2baa9334a323ebca2d6f074ff852cd1d7b11064035cd3868f"

[[package]]
name = "coreaudio-rs"
version = "0.11.3"
source = "registry+https://github.com/rust-lang/crates.io-index"
checksum = "321077172d79c662f64f5071a03120748d5bb652f5231570141be24cfcd2bace"
dependencies = [
 "bitflags 1.3.2",
 "core-foundation-sys",
 "coreaudio-sys",
]

[[package]]
name = "coreaudio-sys"
version = "0.2.15"
source = "registry+https://github.com/rust-lang/crates.io-index"
checksum = "7f01585027057ff5f0a5bf276174ae4c1594a2c5bde93d5f46a016d76270f5a9"
dependencies = [
 "bindgen",
]

[[package]]
name = "cpal"
version = "0.15.2"
source = "registry+https://github.com/rust-lang/crates.io-index"
checksu